<?xml version="1.0" encoding="UTF-8"?>
<CodeBlocks_project_file>
	<FileVersion major="1" minor="6"/>
	<Project>
		<Option title="print_tree_latex"/>
		<Option makefile_is_custom="1"/>
		<Option compiler="gcc"/>
		<Option virtualFolders="CMake Files\;"/>
		<Build>
			<Target title="all">
				<Option working_dir="/home/oleg/Public/Oleg/course_2/ded/differentiator"/>
				<Option type="4"/>
				<MakeCommands>
					<Build command="/usr/bin/make -f &quot;/home/oleg/Public/Oleg/course_2/ded/differentiator/Makefile&quot;  VERBOSE=1 all"/>
					<CompileFile command="/usr/bin/make -f &quot;/home/oleg/Public/Oleg/course_2/ded/differentiator/Makefile&quot;  VERBOSE=1 &quot;$file&quot;"/>
					<Clean command="/usr/bin/make -f &quot;/home/oleg/Public/Oleg/course_2/ded/differentiator/Makefile&quot;  VERBOSE=1 clean"/>
					<DistClean command="/usr/bin/make -f &quot;/home/oleg/Public/Oleg/course_2/ded/differentiator/Makefile&quot;  VERBOSE=1 clean"/>
				</MakeCommands>
			</Target>
			<Target title="rebuild_cache">
				<Option working_dir="/home/oleg/Public/Oleg/course_2/ded/differentiator"/>
				<Option type="4"/>
				<MakeCommands>
					<Build command="/usr/bin/make -f &quot;/home/oleg/Public/Oleg/course_2/ded/differentiator/Makefile&quot;  VERBOSE=1 rebuild_cache"/>
					<CompileFile command="/usr/bin/make -f &quot;/home/oleg/Public/Oleg/course_2/ded/differentiator/Makefile&quot;  VERBOSE=1 &quot;$file&quot;"/>
					<Clean command="/usr/bin/make -f &quot;/home/oleg/Public/Oleg/course_2/ded/differentiator/Makefile&quot;  VERBOSE=1 clean"/>
					<DistClean command="/usr/bin/make -f &quot;/home/oleg/Public/Oleg/course_2/ded/differentiator/Makefile&quot;  VERBOSE=1 clean"/>
				</MakeCommands>
			</Target>
			<Target title="edit_cache">
				<Option working_dir="/home/oleg/Public/Oleg/course_2/ded/differentiator"/>
				<Option type="4"/>
				<MakeCommands>
					<Build command="/usr/bin/make -f &quot;/home/oleg/Public/Oleg/course_2/ded/differentiator/Makefile&quot;  VERBOSE=1 edit_cache"/>
					<CompileFile command="/usr/bin/make -f &quot;/home/oleg/Public/Oleg/course_2/ded/differentiator/Makefile&quot;  VERBOSE=1 &quot;$file&quot;"/>
					<Clean command="/usr/bin/make -f &quot;/home/oleg/Public/Oleg/course_2/ded/differentiator/Makefile&quot;  VERBOSE=1 clean"/>
					<DistClean command="/usr/bin/make -f &quot;/home/oleg/Public/Oleg/course_2/ded/differentiator/Makefile&quot;  VERBOSE=1 clean"/>
				</MakeCommands>
			</Target>
			<Target title="count_expression">
				<Option output="/home/oleg/Public/Oleg/course_2/ded/differentiator/count_expression" prefix_auto="0" extension_auto="0"/>
				<Option working_dir="/home/oleg/Public/Oleg/course_2/ded/differentiator"/>
				<Option object_output="./"/>
				<Option type="1"/>
				<Option compiler="gcc"/>
				<Compiler>
					<Add directory="/home/oleg/Public/Oleg/course_2/ded/differentiator/auxilary_functions"/>
				</Compiler>
				<MakeCommands>
					<Build command="/usr/bin/make -f &quot;/home/oleg/Public/Oleg/course_2/ded/differentiator/Makefile&quot;  VERBOSE=1 count_expression"/>
					<CompileFile command="/usr/bin/make -f &quot;/home/oleg/Public/Oleg/course_2/ded/differentiator/Makefile&quot;  VERBOSE=1 &quot;$file&quot;"/>
					<Clean command="/usr/bin/make -f &quot;/home/oleg/Public/Oleg/course_2/ded/differentiator/Makefile&quot;  VERBOSE=1 clean"/>
					<DistClean command="/usr/bin/make -f &quot;/home/oleg/Public/Oleg/course_2/ded/differentiator/Makefile&quot;  VERBOSE=1 clean"/>
				</MakeCommands>
			</Target>
			<Target title="count_expression/fast">
				<Option output="/home/oleg/Public/Oleg/course_2/ded/differentiator/count_expression" prefix_auto="0" extension_auto="0"/>
				<Option working_dir="/home/oleg/Public/Oleg/course_2/ded/differentiator"/>
				<Option object_output="./"/>
				<Option type="1"/>
				<Option compiler="gcc"/>
				<Compiler>
					<Add directory="/home/oleg/Public/Oleg/course_2/ded/differentiator/auxilary_functions"/>
				</Compiler>
				<MakeCommands>
					<Build command="/usr/bin/make -f &quot;/home/oleg/Public/Oleg/course_2/ded/differentiator/Makefile&quot;  VERBOSE=1 count_expression/fast"/>
					<CompileFile command="/usr/bin/make -f &quot;/home/oleg/Public/Oleg/course_2/ded/differentiator/Makefile&quot;  VERBOSE=1 &quot;$file&quot;"/>
					<Clean command="/usr/bin/make -f &quot;/home/oleg/Public/Oleg/course_2/ded/differentiator/Makefile&quot;  VERBOSE=1 clean"/>
					<DistClean command="/usr/bin/make -f &quot;/home/oleg/Public/Oleg/course_2/ded/differentiator/Makefile&quot;  VERBOSE=1 clean"/>
				</MakeCommands>
			</Target>
			<Target title="read_expression">
				<Option output="/home/oleg/Public/Oleg/course_2/ded/differentiator/read_expression" prefix_auto="0" extension_auto="0"/>
				<Option working_dir="/home/oleg/Public/Oleg/course_2/ded/differentiator"/>
				<Option object_output="./"/>
				<Option type="1"/>
				<Option compiler="gcc"/>
				<Compiler>
					<Add directory="/home/oleg/Public/Oleg/course_2/ded/differentiator/auxilary_functions"/>
				</Compiler>
				<MakeCommands>
					<Build command="/usr/bin/make -f &quot;/home/oleg/Public/Oleg/course_2/ded/differentiator/Makefile&quot;  VERBOSE=1 read_expression"/>
					<CompileFile command="/usr/bin/make -f &quot;/home/oleg/Public/Oleg/course_2/ded/differentiator/Makefile&quot;  VERBOSE=1 &quot;$file&quot;"/>
					<Clean command="/usr/bin/make -f &quot;/home/oleg/Public/Oleg/course_2/ded/differentiator/Makefile&quot;  VERBOSE=1 clean"/>
					<DistClean command="/usr/bin/make -f &quot;/home/oleg/Public/Oleg/course_2/ded/differentiator/Makefile&quot;  VERBOSE=1 clean"/>
				</MakeCommands>
			</Target>
			<Target title="read_expression/fast">
				<Option output="/home/oleg/Public/Oleg/course_2/ded/differentiator/read_expression" prefix_auto="0" extension_auto="0"/>
				<Option working_dir="/home/oleg/Public/Oleg/course_2/ded/differentiator"/>
				<Option object_output="./"/>
				<Option type="1"/>
				<Option compiler="gcc"/>
				<Compiler>
					<Add directory="/home/oleg/Public/Oleg/course_2/ded/differentiator/auxilary_functions"/>
				</Compiler>
				<MakeCommands>
					<Build command="/usr/bin/make -f &quot;/home/oleg/Public/Oleg/course_2/ded/differentiator/Makefile&quot;  VERBOSE=1 read_expression/fast"/>
					<CompileFile command="/usr/bin/make -f &quot;/home/oleg/Public/Oleg/course_2/ded/differentiator/Makefile&quot;  VERBOSE=1 &quot;$file&quot;"/>
					<Clean command="/usr/bin/make -f &quot;/home/oleg/Public/Oleg/course_2/ded/differentiator/Makefile&quot;  VERBOSE=1 clean"/>
					<DistClean command="/usr/bin/make -f &quot;/home/oleg/Public/Oleg/course_2/ded/differentiator/Makefile&quot;  VERBOSE=1 clean"/>
				</MakeCommands>
			</Target>
			<Target title="print_tree">
				<Option output="/home/oleg/Public/Oleg/course_2/ded/differentiator/print_tree" prefix_auto="0" extension_auto="0"/>
				<Option working_dir="/home/oleg/Public/Oleg/course_2/ded/differentiator"/>
				<Option object_output="./"/>
				<Option type="1"/>
				<Option compiler="gcc"/>
				<Compiler>
					<Add directory="/home/oleg/Public/Oleg/course_2/ded/differentiator/auxilary_functions"/>
				</Compiler>
				<MakeCommands>
					<Build command="/usr/bin/make -f &quot;/home/oleg/Public/Oleg/course_2/ded/differentiator/Makefile&quot;  VERBOSE=1 print_tree"/>
					<CompileFile command="/usr/bin/make -f &quot;/home/oleg/Public/Oleg/course_2/ded/differentiator/Makefile&quot;  VERBOSE=1 &quot;$file&quot;"/>
					<Clean command="/usr/bin/make -f &quot;/home/oleg/Public/Oleg/course_2/ded/differentiator/Makefile&quot;  VERBOSE=1 clean"/>
					<DistClean command="/usr/bin/make -f &quot;/home/oleg/Public/Oleg/course_2/ded/differentiator/Makefile&quot;  VERBOSE=1 clean"/>
				</MakeCommands>
			</Target>
			<Target title="print_tree/fast">
				<Option output="/home/oleg/Public/Oleg/course_2/ded/differentiator/print_tree" prefix_auto="0" extension_auto="0"/>
				<Option working_dir="/home/oleg/Public/Oleg/course_2/ded/differentiator"/>
				<Option object_output="./"/>
				<Option type="1"/>
				<Option compiler="gcc"/>
				<Compiler>
					<Add directory="/home/oleg/Public/Oleg/course_2/ded/differentiator/auxilary_functions"/>
				</Compiler>
				<MakeCommands>
					<Build command="/usr/bin/make -f &quot;/home/oleg/Public/Oleg/course_2/ded/differentiator/Makefile&quot;  VERBOSE=1 print_tree/fast"/>
					<CompileFile command="/usr/bin/make -f &quot;/home/oleg/Public/Oleg/course_2/ded/differentiator/Makefile&quot;  VERBOSE=1 &quot;$file&quot;"/>
					<Clean command="/usr/bin/make -f &quot;/home/oleg/Public/Oleg/course_2/ded/differentiator/Makefile&quot;  VERBOSE=1 clean"/>
					<DistClean command="/usr/bin/make -f &quot;/home/oleg/Public/Oleg/course_2/ded/differentiator/Makefile&quot;  VERBOSE=1 clean"/>
				</MakeCommands>
			</Target>
			<Target title="differentiate_tree">
				<Option output="/home/oleg/Public/Oleg/course_2/ded/differentiator/differentiate_tree" prefix_auto="0" extension_auto="0"/>
				<Option working_dir="/home/oleg/Public/Oleg/course_2/ded/differentiator"/>
				<Option object_output="./"/>
				<Option type="1"/>
				<Option compiler="gcc"/>
				<Compiler>
					<Add directory="/home/oleg/Public/Oleg/course_2/ded/differentiator/auxilary_functions"/>
				</Compiler>
				<MakeCommands>
					<Build command="/usr/bin/make -f &quot;/home/oleg/Public/Oleg/course_2/ded/differentiator/Makefile&quot;  VERBOSE=1 differentiate_tree"/>
					<CompileFile command="/usr/bin/make -f &quot;/home/oleg/Public/Oleg/course_2/ded/differentiator/Makefile&quot;  VERBOSE=1 &quot;$file&quot;"/>
					<Clean command="/usr/bin/make -f &quot;/home/oleg/Public/Oleg/course_2/ded/differentiator/Makefile&quot;  VERBOSE=1 clean"/>
					<DistClean command="/usr/bin/make -f &quot;/home/oleg/Public/Oleg/course_2/ded/differentiator/Makefile&quot;  VERBOSE=1 clean"/>
				</MakeCommands>
			</Target>
			<Target title="differentiate_tree/fast">
				<Option output="/home/oleg/Public/Oleg/course_2/ded/differentiator/differentiate_tree" prefix_auto="0" extension_auto="0"/>
				<Option working_dir="/home/oleg/Public/Oleg/course_2/ded/differentiator"/>
				<Option object_output="./"/>
				<Option type="1"/>
				<Option compiler="gcc"/>
				<Compiler>
					<Add directory="/home/oleg/Public/Oleg/course_2/ded/differentiator/auxilary_functions"/>
				</Compiler>
				<MakeCommands>
					<Build command="/usr/bin/make -f &quot;/home/oleg/Public/Oleg/course_2/ded/differentiator/Makefile&quot;  VERBOSE=1 differentiate_tree/fast"/>
					<CompileFile command="/usr/bin/make -f &quot;/home/oleg/Public/Oleg/course_2/ded/differentiator/Makefile&quot;  VERBOSE=1 &quot;$file&quot;"/>
					<Clean command="/usr/bin/make -f &quot;/home/oleg/Public/Oleg/course_2/ded/differentiator/Makefile&quot;  VERBOSE=1 clean"/>
					<DistClean command="/usr/bin/make -f &quot;/home/oleg/Public/Oleg/course_2/ded/differentiator/Makefile&quot;  VERBOSE=1 clean"/>
				</MakeCommands>
			</Target>
			<Target title="print_tree_latex">
				<Option output="/home/oleg/Public/Oleg/course_2/ded/differentiator/print_tree_latex" prefix_auto="0" extension_auto="0"/>
				<Option working_dir="/home/oleg/Public/Oleg/course_2/ded/differentiator"/>
				<Option object_output="./"/>
				<Option type="1"/>
				<Option compiler="gcc"/>
				<Compiler>
					<Add directory="/home/oleg/Public/Oleg/course_2/ded/differentiator/auxilary_functions"/>
				</Compiler>
				<MakeCommands>
					<Build command="/usr/bin/make -f &quot;/home/oleg/Public/Oleg/course_2/ded/differentiator/Makefile&quot;  VERBOSE=1 print_tree_latex"/>
					<CompileFile command="/usr/bin/make -f &quot;/home/oleg/Public/Oleg/course_2/ded/differentiator/Makefile&quot;  VERBOSE=1 &quot;$file&quot;"/>
					<Clean command="/usr/bin/make -f &quot;/home/oleg/Public/Oleg/course_2/ded/differentiator/Makefile&quot;  VERBOSE=1 clean"/>
					<DistClean command="/usr/bin/make -f &quot;/home/oleg/Public/Oleg/course_2/ded/differentiator/Makefile&quot;  VERBOSE=1 clean"/>
				</MakeCommands>
			</Target>
			<Target title="print_tree_latex/fast">
				<Option output="/home/oleg/Public/Oleg/course_2/ded/differentiator/print_tree_latex" prefix_auto="0" extension_auto="0"/>
				<Option working_dir="/home/oleg/Public/Oleg/course_2/ded/differentiator"/>
				<Option object_output="./"/>
				<Option type="1"/>
				<Option compiler="gcc"/>
				<Compiler>
					<Add directory="/home/oleg/Public/Oleg/course_2/ded/differentiator/auxilary_functions"/>
				</Compiler>
				<MakeCommands>
					<Build command="/usr/bin/make -f &quot;/home/oleg/Public/Oleg/course_2/ded/differentiator/Makefile&quot;  VERBOSE=1 print_tree_latex/fast"/>
					<CompileFile command="/usr/bin/make -f &quot;/home/oleg/Public/Oleg/course_2/ded/differentiator/Makefile&quot;  VERBOSE=1 &quot;$file&quot;"/>
					<Clean command="/usr/bin/make -f &quot;/home/oleg/Public/Oleg/course_2/ded/differentiator/Makefile&quot;  VERBOSE=1 clean"/>
					<DistClean command="/usr/bin/make -f &quot;/home/oleg/Public/Oleg/course_2/ded/differentiator/Makefile&quot;  VERBOSE=1 clean"/>
				</MakeCommands>
			</Target>
			<Target title="simplify_tree">
				<Option output="/home/oleg/Public/Oleg/course_2/ded/differentiator/simplify_tree" prefix_auto="0" extension_auto="0"/>
				<Option working_dir="/home/oleg/Public/Oleg/course_2/ded/differentiator"/>
				<Option object_output="./"/>
				<Option type="1"/>
				<Option compiler="gcc"/>
				<Compiler>
					<Add directory="/home/oleg/Public/Oleg/course_2/ded/differentiator/auxilary_functions"/>
				</Compiler>
				<MakeCommands>
					<Build command="/usr/bin/make -f &quot;/home/oleg/Public/Oleg/course_2/ded/differentiator/Makefile&quot;  VERBOSE=1 simplify_tree"/>
					<CompileFile command="/usr/bin/make -f &quot;/home/oleg/Public/Oleg/course_2/ded/differentiator/Makefile&quot;  VERBOSE=1 &quot;$file&quot;"/>
					<Clean command="/usr/bin/make -f &quot;/home/oleg/Public/Oleg/course_2/ded/differentiator/Makefile&quot;  VERBOSE=1 clean"/>
					<DistClean command="/usr/bin/make -f &quot;/home/oleg/Public/Oleg/course_2/ded/differentiator/Makefile&quot;  VERBOSE=1 clean"/>
				</MakeCommands>
			</Target>
			<Target title="simplify_tree/fast">
				<Option output="/home/oleg/Public/Oleg/course_2/ded/differentiator/simplify_tree" prefix_auto="0" extension_auto="0"/>
				<Option working_dir="/home/oleg/Public/Oleg/course_2/ded/differentiator"/>
				<Option object_output="./"/>
				<Option type="1"/>
				<Option compiler="gcc"/>
				<Compiler>
					<Add directory="/home/oleg/Public/Oleg/course_2/ded/differentiator/auxilary_functions"/>
				</Compiler>
				<MakeCommands>
					<Build command="/usr/bin/make -f &quot;/home/oleg/Public/Oleg/course_2/ded/differentiator/Makefile&quot;  VERBOSE=1 simplify_tree/fast"/>
					<CompileFile command="/usr/bin/make -f &quot;/home/oleg/Public/Oleg/course_2/ded/differentiator/Makefile&quot;  VERBOSE=1 &quot;$file&quot;"/>
					<Clean command="/usr/bin/make -f &quot;/home/oleg/Public/Oleg/course_2/ded/differentiator/Makefile&quot;  VERBOSE=1 clean"/>
					<DistClean command="/usr/bin/make -f &quot;/home/oleg/Public/Oleg/course_2/ded/differentiator/Makefile&quot;  VERBOSE=1 clean"/>
				</MakeCommands>
			</Target>
		</Build>
		<Unit filename="/home/oleg/Public/Oleg/course_2/ded/differentiator/main_files/LaTex_print.cpp">
			<Option target="print_tree_latex"/>
		</Unit>
		<Unit filename="/home/oleg/Public/Oleg/course_2/ded/differentiator/main_files/count_tree.cpp">
			<Option target="count_expression"/>
		</Unit>
		<Unit filename="/home/oleg/Public/Oleg/course_2/ded/differentiator/main_files/differentiator.cpp">
			<Option target="differentiate_tree"/>
		</Unit>
		<Unit filename="/home/oleg/Public/Oleg/course_2/ded/differentiator/main_files/print_tree.cpp">
			<Option target="print_tree"/>
		</Unit>
		<Unit filename="/home/oleg/Public/Oleg/course_2/ded/differentiator/main_files/reader.cpp">
			<Option target="read_expression"/>
		</Unit>
		<Unit filename="/home/oleg/Public/Oleg/course_2/ded/differentiator/main_files/simplifier.cpp">
			<Option target="simplify_tree"/>
		</Unit>
		<Unit filename="/home/oleg/Public/Oleg/course_2/ded/differentiator/CMakeLists.txt">
			<Option virtualFolder="CMake Files\"/>
		</Unit>
	</Project>
</CodeBlocks_project_file>
